github.com/lorypelli/globals v1.0.1 h1:njA2qPL7LKseE/4jQp1c29KlIYb6OADQpzNfl00NXtg=
github.com/lorypelli/globals v1.0.1/go.mod h1:Ulcy29ZQbtugWMjgAe4jIzWIxTVuZLoYSONmoq26Cfo=
github.com/lorypelli/globals v1.0.2 h1:ovCvgTKJFDzL69Ib3zdMXXnEq9t4F2//Ju8iPghwVyk=
github.com/lorypelli/globals v1.0.2/go.mod h1:Ulcy29ZQbtugWMjgAe4jIzWIxTVuZLoYSONmoq26Cfo=
github.com/lorypelli/globals v1.0.3 h1:C6fId3F5jsZjMZ9PF68BVADsMYVgQQp1tLP1XZlSGoQ=
github.com/lorypelli/globals v1.0.3/go.mod h1:Ulcy29ZQbtugWMjgAe4jIzWIxTVuZLoYSONmoq26Cfo=
